{
  "name": "@dot-do/hash",
  "version": "0.0.1",
  "lockfileVersion": 3,
  "requires": true,
  "packages": {
    "": {
      "name": "@dot-do/hash",
      "version": "0.0.1",
      "dependencies": {
        "@taylorzane/hash-wasm": "^0.0.11",
        "sqids": "^0.3.0"
      }
    },
    "node_modules/@taylorzane/hash-wasm": {
      "version": "0.0.11",
      "resolved": "https://registry.npmjs.org/@taylorzane/hash-wasm/-/hash-wasm-0.0.11.tgz",
      "integrity": "sha512-gGS/x7hCq6MlwGoLiscyTG/pSaVhshImaHd+ttV1uK0aYPCQNsbPCROAzBDCh+FxpiLgzX6JaX8BIYFlljFEpQ==",
      "license": "MIT"
    },
    "node_modules/sqids": {
      "version": "0.3.0",
      "resolved": "https://registry.npmjs.org/sqids/-/sqids-0.3.0.tgz",
      "integrity": "sha512-lOQK1ucVg+W6n3FhRwwSeUijxe93b51Bfz5PMRMihVf1iVkl82ePQG7V5vwrhzB11v0NtsR25PSZRGiSomJaJw==",
      "license": "MIT"
    }
  }
}
